
Microsoft Visual Studio Solution File, Format Version 12.00
# Visual Studio Version 17
VisualStudioVersion = 17.14.36915.13 d17.14
MinimumVisualStudioVersion = 10.0.40219.1
Project("{FAE04EC0-301F-11D3-BF4B-00C04F79EFBC}") = "ASSIGNMAENT OOP03", "ASSIGNMAENT OOP03\ASSIGNMAENT OOP03.csproj", "{BAEA1832-C10F-427B-8B6E-AAC822415F8D}"
EndProject
Global
	GlobalSection(SolutionConfigurationPlatforms) = preSolution
		Debug|Any CPU = Debug|Any CPU
		Release|Any CPU = Release|Any CPU
	EndGlobalSection
	GlobalSection(ProjectConfigurationPlatforms) = postSolution
		{BAEA1832-C10F-427B-8B6E-AAC822415F8D}.Debug|Any CPU.ActiveCfg = Debug|Any CPU
		{BAEA1832-C10F-427B-8B6E-AAC822415F8D}.Debug|Any CPU.Build.0 = Debug|Any CPU
		{BAEA1832-C10F-427B-8B6E-AAC822415F8D}.Release|Any CPU.ActiveCfg = Release|Any CPU
		{BAEA1832-C10F-427B-8B6E-AAC822415F8D}.Release|Any CPU.Build.0 = Release|Any CPU
	EndGlobalSection
	GlobalSection(SolutionProperties) = preSolution
		HideSolutionNode = FALSE
	EndGlobalSection
	GlobalSection(ExtensibilityGlobals) = postSolution
		SolutionGuid = {78329535-A532-4AFE-86C1-318382BEEEFE}
	EndGlobalSection
EndGlobal
